
Microsoft Visual Studio Solution File, Format Version 12.00
# Visual Studio Version 17
VisualStudioVersion = 17.3.32929.385
MinimumVisualStudioVersion = 10.0.40219.1
Project("{FAE04EC0-301F-11D3-BF4B-00C04F79EFBC}") = "WorkerManagement", "WorkerManagement\WorkerManagement.csproj", "{71175751-F005-4DD9-AE40-BDE22A3B825E}"
EndProject
Global
	GlobalSection(SolutionConfigurationPlatforms) = preSolution
		Debug|Any CPU = Debug|Any CPU
		Release|Any CPU = Release|Any CPU
	EndGlobalSection
	GlobalSection(ProjectConfigurationPlatforms) = postSolution
		{71175751-F005-4DD9-AE40-BDE22A3B825E}.Debug|Any CPU.ActiveCfg = Debug|Any CPU
		{71175751-F005-4DD9-AE40-BDE22A3B825E}.Debug|Any CPU.Build.0 = Debug|Any CPU
		{71175751-F005-4DD9-AE40-BDE22A3B825E}.Release|Any CPU.ActiveCfg = Release|Any CPU
		{71175751-F005-4DD9-AE40-BDE22A3B825E}.Release|Any CPU.Build.0 = Release|Any CPU
	EndGlobalSection
	GlobalSection(SolutionProperties) = preSolution
		HideSolutionNode = FALSE
	EndGlobalSection
	GlobalSection(ExtensibilityGlobals) = postSolution
		SolutionGuid = {FEF03696-F291-4A4F-A305-3E99E71DBA90}
	EndGlobalSection
EndGlobal
